
Microsoft Visual Studio Solution File, Format Version 12.00
# Visual Studio 2013
VisualStudioVersion = 12.0.21005.1
MinimumVisualStudioVersion = 10.0.40219.1
Project("{FAE04EC0-301F-11D3-BF4B-00C04F79EFBC}") = "StdPaint", "StdPaint\StdPaint.csproj", "{F70BA3BE-3332-4410-888E-3D6C67CCCCB6}"
EndProject
Project("{2150E333-8FDC-42A3-9474-1A3956D46DE8}") = "Examples", "Examples", "{72088A4A-477B-4DAE-B3F6-31252CC3ADD4}"
EndProject
Project("{FAE04EC0-301F-11D3-BF4B-00C04F79EFBC}") = "DrawingExample", "DrawingExample\DrawingExample.csproj", "{3D5E222A-A6FE-4A90-AE7B-126B1BB3B213}"
EndProject
Project("{FAE04EC0-301F-11D3-BF4B-00C04F79EFBC}") = "SpiralExample", "SpiralExample\SpiralExample.csproj", "{688D4517-6096-4C2A-981E-EA131DBD915C}"
EndProject
Project("{FAE04EC0-301F-11D3-BF4B-00C04F79EFBC}") = "GameOfLifeExample", "GameOfLifeExample\GameOfLifeExample.csproj", "{9F8A22C2-FC49-4B86-8A7F-7DE0C4EBD7CA}"
EndProject
Global
	GlobalSection(SolutionConfigurationPlatforms) = preSolution
		Debug|Any CPU = Debug|Any CPU
		Release|Any CPU = Release|Any CPU
	EndGlobalSection
	GlobalSection(ProjectConfigurationPlatforms) = postSolution
		{F70BA3BE-3332-4410-888E-3D6C67CCCCB6}.Debug|Any CPU.ActiveCfg = Debug|Any CPU
		{F70BA3BE-3332-4410-888E-3D6C67CCCCB6}.Debug|Any CPU.Build.0 = Debug|Any CPU
		{F70BA3BE-3332-4410-888E-3D6C67CCCCB6}.Release|Any CPU.ActiveCfg = Release|Any CPU
		{F70BA3BE-3332-4410-888E-3D6C67CCCCB6}.Release|Any CPU.Build.0 = Release|Any CPU
		{3D5E222A-A6FE-4A90-AE7B-126B1BB3B213}.Debug|Any CPU.ActiveCfg = Debug|Any CPU
		{3D5E222A-A6FE-4A90-AE7B-126B1BB3B213}.Debug|Any CPU.Build.0 = Debug|Any CPU
		{3D5E222A-A6FE-4A90-AE7B-126B1BB3B213}.Release|Any CPU.ActiveCfg = Release|Any CPU
		{3D5E222A-A6FE-4A90-AE7B-126B1BB3B213}.Release|Any CPU.Build.0 = Release|Any CPU
		{688D4517-6096-4C2A-981E-EA131DBD915C}.Debug|Any CPU.ActiveCfg = Debug|Any CPU
		{688D4517-6096-4C2A-981E-EA131DBD915C}.Debug|Any CPU.Build.0 = Debug|Any CPU
		{688D4517-6096-4C2A-981E-EA131DBD915C}.Release|Any CPU.ActiveCfg = Release|Any CPU
		{688D4517-6096-4C2A-981E-EA131DBD915C}.Release|Any CPU.Build.0 = Release|Any CPU
		{9F8A22C2-FC49-4B86-8A7F-7DE0C4EBD7CA}.Debug|Any CPU.ActiveCfg = Debug|Any CPU
		{9F8A22C2-FC49-4B86-8A7F-7DE0C4EBD7CA}.Debug|Any CPU.Build.0 = Debug|Any CPU
		{9F8A22C2-FC49-4B86-8A7F-7DE0C4EBD7CA}.Release|Any CPU.ActiveCfg = Release|Any CPU
		{9F8A22C2-FC49-4B86-8A7F-7DE0C4EBD7CA}.Release|Any CPU.Build.0 = Release|Any CPU
	EndGlobalSection
	GlobalSection(SolutionProperties) = preSolution
		HideSolutionNode = FALSE
	EndGlobalSection
	GlobalSection(NestedProjects) = preSolution
		{3D5E222A-A6FE-4A90-AE7B-126B1BB3B213} = {72088A4A-477B-4DAE-B3F6-31252CC3ADD4}
		{688D4517-6096-4C2A-981E-EA131DBD915C} = {72088A4A-477B-4DAE-B3F6-31252CC3ADD4}
		{9F8A22C2-FC49-4B86-8A7F-7DE0C4EBD7CA} = {72088A4A-477B-4DAE-B3F6-31252CC3ADD4}
	EndGlobalSection
EndGlobal
